
Microsoft Visual Studio Solution File, Format Version 12.00
# Visual Studio Version 16
VisualStudioVersion = 16.0.31410.357
MinimumVisualStudioVersion = 10.0.40219.1
Project("{FAE04EC0-301F-11D3-BF4B-00C04F79EFBC}") = "ClassLibrary1", "ClassLibrary1\ClassLibrary1.csproj", "{3736531C-3231-4990-B904-F6E8F9D86B74}"
EndProject
Project("{FAE04EC0-301F-11D3-BF4B-00C04F79EFBC}") = "WebApplicationIOC", "WebApplicationIOC\WebApplicationIOC.csproj", "{C938F481-E4F3-4D7F-9D60-83C6DA915D37}"
EndProject
Project("{FAE04EC0-301F-11D3-BF4B-00C04F79EFBC}") = "ConsoleApp1", "ConsoleApp1\ConsoleApp1.csproj", "{7D8B3DB4-B581-4C25-B5B2-E506E8DB39F4}"
EndProject
Global
	GlobalSection(SolutionConfigurationPlatforms) = preSolution
		Debug|Any CPU = Debug|Any CPU
		Release|Any CPU = Release|Any CPU
	EndGlobalSection
	GlobalSection(ProjectConfigurationPlatforms) = postSolution
		{3736531C-3231-4990-B904-F6E8F9D86B74}.Debug|Any CPU.ActiveCfg = Debug|Any CPU
		{3736531C-3231-4990-B904-F6E8F9D86B74}.Debug|Any CPU.Build.0 = Debug|Any CPU
		{3736531C-3231-4990-B904-F6E8F9D86B74}.Release|Any CPU.ActiveCfg = Release|Any CPU
		{3736531C-3231-4990-B904-F6E8F9D86B74}.Release|Any CPU.Build.0 = Release|Any CPU
		{C938F481-E4F3-4D7F-9D60-83C6DA915D37}.Debug|Any CPU.ActiveCfg = Debug|Any CPU
		{C938F481-E4F3-4D7F-9D60-83C6DA915D37}.Debug|Any CPU.Build.0 = Debug|Any CPU
		{C938F481-E4F3-4D7F-9D60-83C6DA915D37}.Release|Any CPU.ActiveCfg = Release|Any CPU
		{C938F481-E4F3-4D7F-9D60-83C6DA915D37}.Release|Any CPU.Build.0 = Release|Any CPU
		{7D8B3DB4-B581-4C25-B5B2-E506E8DB39F4}.Debug|Any CPU.ActiveCfg = Debug|Any CPU
		{7D8B3DB4-B581-4C25-B5B2-E506E8DB39F4}.Debug|Any CPU.Build.0 = Debug|Any CPU
		{7D8B3DB4-B581-4C25-B5B2-E506E8DB39F4}.Release|Any CPU.ActiveCfg = Release|Any CPU
		{7D8B3DB4-B581-4C25-B5B2-E506E8DB39F4}.Release|Any CPU.Build.0 = Release|Any CPU
	EndGlobalSection
	GlobalSection(SolutionProperties) = preSolution
		HideSolutionNode = FALSE
	EndGlobalSection
	GlobalSection(ExtensibilityGlobals) = postSolution
		SolutionGuid = {B6722749-AD55-4508-9BDB-3D5107DD11AD}
	EndGlobalSection
EndGlobal
